
Microsoft Visual Studio Solution File, Format Version 12.00
# Visual Studio 15
VisualStudioVersion = 15.0.26124.0
MinimumVisualStudioVersion = 15.0.26124.0
Project("{2150E333-8FDC-42A3-9474-1A3956D46DE8}") = "src", "src", "{B4181985-F68F-4B5A-8A7D-B3D5B69A714E}"
EndProject
Project("{2150E333-8FDC-42A3-9474-1A3956D46DE8}") = "Services", "Services", "{5D8EE774-0C19-403F-90F4-D9643CEAC615}"
EndProject
Project("{FAE04EC0-301F-11D3-BF4B-00C04F79EFBC}") = "JacksonVeroneze.DataSignerNet.Crl", "src\Services\JacksonVeroneze.DataSignerNet.Crl\JacksonVeroneze.DataSignerNet.Crl.csproj", "{15908C1E-4965-4120-957F-B793560B9C9A}"
EndProject
Project("{FAE04EC0-301F-11D3-BF4B-00C04F79EFBC}") = "JacksonVeroneze.DataSignerNet.Signer", "src\Services\JacksonVeroneze.DataSignerNet.Signer\JacksonVeroneze.DataSignerNet.Signer.csproj", "{8DEC319B-1EC6-4283-9449-BB9689327D73}"
EndProject
Project("{FAE04EC0-301F-11D3-BF4B-00C04F79EFBC}") = "JacksonVeroneze.DataSignerNet.Timestamp", "src\Services\JacksonVeroneze.DataSignerNet.Timestamp\JacksonVeroneze.DataSignerNet.Timestamp.csproj", "{98138A60-558A-42F0-90E0-65AA74F2C6D3}"
EndProject
Project("{FAE04EC0-301F-11D3-BF4B-00C04F79EFBC}") = "JacksonVeroneze.DataSignerNet.CertificationAuthority", "src\Services\JacksonVeroneze.DataSignerNet.CertificationAuthority\JacksonVeroneze.DataSignerNet.CertificationAuthority.csproj", "{D7C9A487-5DB3-46EC-B2BE-CFF0E1563904}"
EndProject
Global
	GlobalSection(SolutionConfigurationPlatforms) = preSolution
		Debug|Any CPU = Debug|Any CPU
		Debug|x64 = Debug|x64
		Debug|x86 = Debug|x86
		Release|Any CPU = Release|Any CPU
		Release|x64 = Release|x64
		Release|x86 = Release|x86
	EndGlobalSection
	GlobalSection(SolutionProperties) = preSolution
		HideSolutionNode = FALSE
	EndGlobalSection
	GlobalSection(ProjectConfigurationPlatforms) = postSolution
		{15908C1E-4965-4120-957F-B793560B9C9A}.Debug|Any CPU.ActiveCfg = Debug|Any CPU
		{15908C1E-4965-4120-957F-B793560B9C9A}.Debug|Any CPU.Build.0 = Debug|Any CPU
		{15908C1E-4965-4120-957F-B793560B9C9A}.Debug|x64.ActiveCfg = Debug|Any CPU
		{15908C1E-4965-4120-957F-B793560B9C9A}.Debug|x64.Build.0 = Debug|Any CPU
		{15908C1E-4965-4120-957F-B793560B9C9A}.Debug|x86.ActiveCfg = Debug|Any CPU
		{15908C1E-4965-4120-957F-B793560B9C9A}.Debug|x86.Build.0 = Debug|Any CPU
		{15908C1E-4965-4120-957F-B793560B9C9A}.Release|Any CPU.ActiveCfg = Release|Any CPU
		{15908C1E-4965-4120-957F-B793560B9C9A}.Release|Any CPU.Build.0 = Release|Any CPU
		{15908C1E-4965-4120-957F-B793560B9C9A}.Release|x64.ActiveCfg = Release|Any CPU
		{15908C1E-4965-4120-957F-B793560B9C9A}.Release|x64.Build.0 = Release|Any CPU
		{15908C1E-4965-4120-957F-B793560B9C9A}.Release|x86.ActiveCfg = Release|Any CPU
		{15908C1E-4965-4120-957F-B793560B9C9A}.Release|x86.Build.0 = Release|Any CPU
		{8DEC319B-1EC6-4283-9449-BB9689327D73}.Debug|Any CPU.ActiveCfg = Debug|Any CPU
		{8DEC319B-1EC6-4283-9449-BB9689327D73}.Debug|Any CPU.Build.0 = Debug|Any CPU
		{8DEC319B-1EC6-4283-9449-BB9689327D73}.Debug|x64.ActiveCfg = Debug|Any CPU
		{8DEC319B-1EC6-4283-9449-BB9689327D73}.Debug|x64.Build.0 = Debug|Any CPU
		{8DEC319B-1EC6-4283-9449-BB9689327D73}.Debug|x86.ActiveCfg = Debug|Any CPU
		{8DEC319B-1EC6-4283-9449-BB9689327D73}.Debug|x86.Build.0 = Debug|Any CPU
		{8DEC319B-1EC6-4283-9449-BB9689327D73}.Release|Any CPU.ActiveCfg = Release|Any CPU
		{8DEC319B-1EC6-4283-9449-BB9689327D73}.Release|Any CPU.Build.0 = Release|Any CPU
		{8DEC319B-1EC6-4283-9449-BB9689327D73}.Release|x64.ActiveCfg = Release|Any CPU
		{8DEC319B-1EC6-4283-9449-BB9689327D73}.Release|x64.Build.0 = Release|Any CPU
		{8DEC319B-1EC6-4283-9449-BB9689327D73}.Release|x86.ActiveCfg = Release|Any CPU
		{8DEC319B-1EC6-4283-9449-BB9689327D73}.Release|x86.Build.0 = Release|Any CPU
		{98138A60-558A-42F0-90E0-65AA74F2C6D3}.Debug|Any CPU.ActiveCfg = Debug|Any CPU
		{98138A60-558A-42F0-90E0-65AA74F2C6D3}.Debug|Any CPU.Build.0 = Debug|Any CPU
		{98138A60-558A-42F0-90E0-65AA74F2C6D3}.Debug|x64.ActiveCfg = Debug|Any CPU
		{98138A60-558A-42F0-90E0-65AA74F2C6D3}.Debug|x64.Build.0 = Debug|Any CPU
		{98138A60-558A-42F0-90E0-65AA74F2C6D3}.Debug|x86.ActiveCfg = Debug|Any CPU
		{98138A60-558A-42F0-90E0-65AA74F2C6D3}.Debug|x86.Build.0 = Debug|Any CPU
		{98138A60-558A-42F0-90E0-65AA74F2C6D3}.Release|Any CPU.ActiveCfg = Release|Any CPU
		{98138A60-558A-42F0-90E0-65AA74F2C6D3}.Release|Any CPU.Build.0 = Release|Any CPU
		{98138A60-558A-42F0-90E0-65AA74F2C6D3}.Release|x64.ActiveCfg = Release|Any CPU
		{98138A60-558A-42F0-90E0-65AA74F2C6D3}.Release|x64.Build.0 = Release|Any CPU
		{98138A60-558A-42F0-90E0-65AA74F2C6D3}.Release|x86.ActiveCfg = Release|Any CPU
		{98138A60-558A-42F0-90E0-65AA74F2C6D3}.Release|x86.Build.0 = Release|Any CPU
		{D7C9A487-5DB3-46EC-B2BE-CFF0E1563904}.Debug|Any CPU.ActiveCfg = Debug|Any CPU
		{D7C9A487-5DB3-46EC-B2BE-CFF0E1563904}.Debug|Any CPU.Build.0 = Debug|Any CPU
		{D7C9A487-5DB3-46EC-B2BE-CFF0E1563904}.Debug|x64.ActiveCfg = Debug|Any CPU
		{D7C9A487-5DB3-46EC-B2BE-CFF0E1563904}.Debug|x64.Build.0 = Debug|Any CPU
		{D7C9A487-5DB3-46EC-B2BE-CFF0E1563904}.Debug|x86.ActiveCfg = Debug|Any CPU
		{D7C9A487-5DB3-46EC-B2BE-CFF0E1563904}.Debug|x86.Build.0 = Debug|Any CPU
		{D7C9A487-5DB3-46EC-B2BE-CFF0E1563904}.Release|Any CPU.ActiveCfg = Release|Any CPU
		{D7C9A487-5DB3-46EC-B2BE-CFF0E1563904}.Release|Any CPU.Build.0 = Release|Any CPU
		{D7C9A487-5DB3-46EC-B2BE-CFF0E1563904}.Release|x64.ActiveCfg = Release|Any CPU
		{D7C9A487-5DB3-46EC-B2BE-CFF0E1563904}.Release|x64.Build.0 = Release|Any CPU
		{D7C9A487-5DB3-46EC-B2BE-CFF0E1563904}.Release|x86.ActiveCfg = Release|Any CPU
		{D7C9A487-5DB3-46EC-B2BE-CFF0E1563904}.Release|x86.Build.0 = Release|Any CPU
	EndGlobalSection
	GlobalSection(NestedProjects) = preSolution
		{5D8EE774-0C19-403F-90F4-D9643CEAC615} = {B4181985-F68F-4B5A-8A7D-B3D5B69A714E}
		{15908C1E-4965-4120-957F-B793560B9C9A} = {5D8EE774-0C19-403F-90F4-D9643CEAC615}
		{8DEC319B-1EC6-4283-9449-BB9689327D73} = {5D8EE774-0C19-403F-90F4-D9643CEAC615}
		{98138A60-558A-42F0-90E0-65AA74F2C6D3} = {5D8EE774-0C19-403F-90F4-D9643CEAC615}
		{D7C9A487-5DB3-46EC-B2BE-CFF0E1563904} = {5D8EE774-0C19-403F-90F4-D9643CEAC615}
	EndGlobalSection
EndGlobal
